
Microsoft Visual Studio Solution File, Format Version 12.00
# Visual Studio Version 17
VisualStudioVersion = 17.8.34525.116
MinimumVisualStudioVersion = 10.0.40219.1
Project("{9A19103F-16F7-4668-BE54-9A1E7A4F7556}") = "FirstApplication", "FirstApplication\FirstApplication.csproj", "{1C6D33F6-07D3-4997-A385-0D7858F95E4A}"
EndProject
Project("{FAE04EC0-301F-11D3-BF4B-00C04F79EFBC}") = "TestingThings", "TestingThings\TestingThings.csproj", "{9E3C74CE-15F5-4DE1-8FD7-440F8FB925F1}"
EndProject
Global
	GlobalSection(SolutionConfigurationPlatforms) = preSolution
		Debug|Any CPU = Debug|Any CPU
		Release|Any CPU = Release|Any CPU
	EndGlobalSection
	GlobalSection(ProjectConfigurationPlatforms) = postSolution
		{1C6D33F6-07D3-4997-A385-0D7858F95E4A}.Debug|Any CPU.ActiveCfg = Debug|Any CPU
		{1C6D33F6-07D3-4997-A385-0D7858F95E4A}.Debug|Any CPU.Build.0 = Debug|Any CPU
		{1C6D33F6-07D3-4997-A385-0D7858F95E4A}.Release|Any CPU.ActiveCfg = Release|Any CPU
		{1C6D33F6-07D3-4997-A385-0D7858F95E4A}.Release|Any CPU.Build.0 = Release|Any CPU
		{9E3C74CE-15F5-4DE1-8FD7-440F8FB925F1}.Debug|Any CPU.ActiveCfg = Debug|Any CPU
		{9E3C74CE-15F5-4DE1-8FD7-440F8FB925F1}.Debug|Any CPU.Build.0 = Debug|Any CPU
		{9E3C74CE-15F5-4DE1-8FD7-440F8FB925F1}.Release|Any CPU.ActiveCfg = Release|Any CPU
		{9E3C74CE-15F5-4DE1-8FD7-440F8FB925F1}.Release|Any CPU.Build.0 = Release|Any CPU
	EndGlobalSection
	GlobalSection(SolutionProperties) = preSolution
		HideSolutionNode = FALSE
	EndGlobalSection
	GlobalSection(ExtensibilityGlobals) = postSolution
		SolutionGuid = {117A519F-C244-4F7D-862C-5F113D02A3F6}
	EndGlobalSection
EndGlobal
